
Microsoft Visual Studio Solution File, Format Version 12.00
Project("{FAE04EC0-301F-11D3-BF4B-00C04F79EFBC}") = "ShoppingList", "ShoppingList\ShoppingList.csproj", "{0DD33DB7-68A1-4BEC-A08D-56106D162958}"
EndProject
Global
	GlobalSection(SolutionConfigurationPlatforms) = preSolution
		Debug|Any CPU = Debug|Any CPU
		Release|Any CPU = Release|Any CPU
	EndGlobalSection
	GlobalSection(ProjectConfigurationPlatforms) = postSolution
		{0DD33DB7-68A1-4BEC-A08D-56106D162958}.Debug|Any CPU.ActiveCfg = Debug|Any CPU
		{0DD33DB7-68A1-4BEC-A08D-56106D162958}.Debug|Any CPU.Build.0 = Debug|Any CPU
		{0DD33DB7-68A1-4BEC-A08D-56106D162958}.Release|Any CPU.ActiveCfg = Release|Any CPU
		{0DD33DB7-68A1-4BEC-A08D-56106D162958}.Release|Any CPU.Build.0 = Release|Any CPU
	EndGlobalSection
EndGlobal
